{
  "lockfileVersion": 1,
  "configVersion": 1,
  "workspaces": {
    "": {
      "name": "banana-mahjong-web",
      "devDependencies": {
        "@sveltejs/vite-plugin-svelte": "^5.0.3",
        "svelte": "^5.19.0",
        "svelte-check": "^4.1.4",
        "typescript": "^5.7.3",
        "unocss": "^65.4.3",
        "vite": "^6.0.11",
      },
    },
  },
  "packages": {
    "@ampproject/remapping": ["@ampproject/remapping@2.3.0", "", { "dependencies": { "@jridgewell/gen-mapping": "^0.3.5", "@jridgewell/trace-mapping": "^0.3.24" } }, "sha512-30iZtAPgz+LTIYoeivqYo853f02jBYSd5uGnGpkFV0M3xOt9aN73erkgYAmZU43x4VfqcnLxW9Kpg3R5LC4YYw=="],

    "@antfu/install-pkg": ["@antfu/install-pkg@1.1.0", "", { "dependencies": { "package-manager-detector": "^1.3.0", "tinyexec": "^1.0.1" } }, "sha512-MGQsmw10ZyI+EJo45CdSER4zEb+p31LpDAFp2Z3gkSd1yqVZGi0Ebx++YTEMonJy4oChEMLsxZ64j8FH6sSqtQ=="],

    "@antfu/utils": ["@antfu/utils@8.1.1", "", {}, "sha512-Mex9nXf9vR6AhcXmMrlz/HVgYYZpVGJ6YlPgwl7UnaFpnshXs6EK/oa5Gpf3CzENMjkvEx2tQtntGnb7UtSTOQ=="],

    "@babel/helper-string-parser": ["@babel/helper-string-parser@7.29.7", "", {}, "sha512-Pb5ijPrZ89GDH8223L4UP8i6QApWxs04RbPQJTeWDV0/keR2E36MeKnyr6LYmUUvqRRI+Iv87SuF1W6ErINzYw=="],

    "@babel/helper-validator-identifier": ["@babel/helper-validator-identifier@7.29.7", "", {}, "sha512-qehxGkRj55h/ff8EMaJ+cYhyaKlHIxqYDn682wQD7RNp9UujOQsHog2uS0r2vzr4pW+sXf90NeeayjcNaX3fFg=="],

    "@babel/parser": ["@babel/parser@7.29.9", "", { "dependencies": { "@babel/types": "^7.29.8" }, "bin": "./bin/babel-parser.js" }, "sha512-CjXrNHTnvqBVqHgdBysY3vk2T8tpJHb5/RMeHJBTyVa9xgugCB0CJTx/3oO8RV2QRQP391RWpB7D6hLjm8V9uA=="],

    "@babel/types": ["@babel/types@7.29.8", "", { "dependencies": { "@babel/helper-string-parser": "^7.29.7", "@babel/helper-validator-identifier": "^7.29.7" } }, "sha512-Vj1jF3cPfxg7OAfoI7QnVKLoILlm2JF9pnVHrX8qx7AHMiYWT+NDAA7jChlNgRS4WTLc/fD1lXLmPixluj+3Gg=="],

    "@esbuild/aix-ppc64": ["@esbuild/aix-ppc64@0.25.12", "", { "os": "aix", "cpu": "ppc64" }, "sha512-Hhmwd6CInZ3dwpuGTF8fJG6yoWmsToE+vYgD4nytZVxcu1ulHpUQRAB1UJ8+N1Am3Mz4+xOByoQoSZf4D+CpkA=="],

    "@esbuild/android-arm": ["@esbuild/android-arm@0.25.12", "", { "os": "android", "cpu": "arm" }, "sha512-VJ+sKvNA/GE7Ccacc9Cha7bpS8nyzVv0jdVgwNDaR4gDMC/2TTRc33Ip8qrNYUcpkOHUT5OZ0bUcNNVZQ9RLlg=="],

    "@esbuild/android-arm64": ["@esbuild/android-arm64@0.25.12", "", { "os": "android", "cpu": "arm64" }, "sha512-6AAmLG7zwD1Z159jCKPvAxZd4y/VTO0VkprYy+3N2FtJ8+BQWFXU+OxARIwA46c5tdD9SsKGZ/1ocqBS/gAKHg=="],

    "@esbuild/android-x64": ["@esbuild/android-x64@0.25.12", "", { "os": "android", "cpu": "x64" }, "sha512-5jbb+2hhDHx5phYR2By8GTWEzn6I9UqR11Kwf22iKbNpYrsmRB18aX/9ivc5cabcUiAT/wM+YIZ6SG9QO6a8kg=="],

    "@esbuild/darwin-arm64": ["@esbuild/darwin-arm64@0.25.12", "", { "os": "darwin", "cpu": "arm64" }, "sha512-N3zl+lxHCifgIlcMUP5016ESkeQjLj/959RxxNYIthIg+CQHInujFuXeWbWMgnTo4cp5XVHqFPmpyu9J65C1Yg=="],

    "@esbuild/darwin-x64": ["@esbuild/darwin-x64@0.25.12", "", { "os": "darwin", "cpu": "x64" }, "sha512-HQ9ka4Kx21qHXwtlTUVbKJOAnmG1ipXhdWTmNXiPzPfWKpXqASVcWdnf2bnL73wgjNrFXAa3yYvBSd9pzfEIpA=="],

    "@esbuild/freebsd-arm64": ["@esbuild/freebsd-arm64@0.25.12", "", { "os": "freebsd", "cpu": "arm64" }, "sha512-gA0Bx759+7Jve03K1S0vkOu5Lg/85dou3EseOGUes8flVOGxbhDDh/iZaoek11Y8mtyKPGF3vP8XhnkDEAmzeg=="],

    "@esbuild/freebsd-x64": ["@esbuild/freebsd-x64@0.25.12", "", { "os": "freebsd", "cpu": "x64" }, "sha512-TGbO26Yw2xsHzxtbVFGEXBFH0FRAP7gtcPE7P5yP7wGy7cXK2oO7RyOhL5NLiqTlBh47XhmIUXuGciXEqYFfBQ=="],

    "@esbuild/linux-arm": ["@esbuild/linux-arm@0.25.12", "", { "os": "linux", "cpu": "arm" }, "sha512-lPDGyC1JPDou8kGcywY0YILzWlhhnRjdof3UlcoqYmS9El818LLfJJc3PXXgZHrHCAKs/Z2SeZtDJr5MrkxtOw=="],

    "@esbuild/linux-arm64": ["@esbuild/linux-arm64@0.25.12", "", { "os": "linux", "cpu": "arm64" }, "sha512-8bwX7a8FghIgrupcxb4aUmYDLp8pX06rGh5HqDT7bB+8Rdells6mHvrFHHW2JAOPZUbnjUpKTLg6ECyzvas2AQ=="],

    "@esbuild/linux-ia32": ["@esbuild/linux-ia32@0.25.12", "", { "os": "linux", "cpu": "ia32" }, "sha512-0y9KrdVnbMM2/vG8KfU0byhUN+EFCny9+8g202gYqSSVMonbsCfLjUO+rCci7pM0WBEtz+oK/PIwHkzxkyharA=="],

    "@esbuild/linux-loong64": ["@esbuild/linux-loong64@0.25.12", "", { "os": "linux", "cpu": "none" }, "sha512-h///Lr5a9rib/v1GGqXVGzjL4TMvVTv+s1DPoxQdz7l/AYv6LDSxdIwzxkrPW438oUXiDtwM10o9PmwS/6Z0Ng=="],

    "@esbuild/linux-mips64el": ["@esbuild/linux-mips64el@0.25.12", "", { "os": "linux", "cpu": "none" }, "sha512-iyRrM1Pzy9GFMDLsXn1iHUm18nhKnNMWscjmp4+hpafcZjrr2WbT//d20xaGljXDBYHqRcl8HnxbX6uaA/eGVw=="],

    "@esbuild/linux-ppc64": ["@esbuild/linux-ppc64@0.25.12", "", { "os": "linux", "cpu": "ppc64" }, "sha512-9meM/lRXxMi5PSUqEXRCtVjEZBGwB7P/D4yT8UG/mwIdze2aV4Vo6U5gD3+RsoHXKkHCfSxZKzmDssVlRj1QQA=="],

    "@esbuild/linux-riscv64": ["@esbuild/linux-riscv64@0.25.12", "", { "os": "linux", "cpu": "none" }, "sha512-Zr7KR4hgKUpWAwb1f3o5ygT04MzqVrGEGXGLnj15YQDJErYu/BGg+wmFlIDOdJp0PmB0lLvxFIOXZgFRrdjR0w=="],

    "@esbuild/linux-s390x": ["@esbuild/linux-s390x@0.25.12", "", { "os": "linux", "cpu": "s390x" }, "sha512-MsKncOcgTNvdtiISc/jZs/Zf8d0cl/t3gYWX8J9ubBnVOwlk65UIEEvgBORTiljloIWnBzLs4qhzPkJcitIzIg=="],

    "@esbuild/linux-x64": ["@esbuild/linux-x64@0.25.12", "", { "os": "linux", "cpu": "x64" }, "sha512-uqZMTLr/zR/ed4jIGnwSLkaHmPjOjJvnm6TVVitAa08SLS9Z0VM8wIRx7gWbJB5/J54YuIMInDquWyYvQLZkgw=="],

    "@esbuild/netbsd-arm64": ["@esbuild/netbsd-arm64@0.25.12", "", { "os": "none", "cpu": "arm64" }, "sha512-xXwcTq4GhRM7J9A8Gv5boanHhRa/Q9KLVmcyXHCTaM4wKfIpWkdXiMog/KsnxzJ0A1+nD+zoecuzqPmCRyBGjg=="],

    "@esbuild/netbsd-x64": ["@esbuild/netbsd-x64@0.25.12", "", { "os": "none", "cpu": "x64" }, "sha512-Ld5pTlzPy3YwGec4OuHh1aCVCRvOXdH8DgRjfDy/oumVovmuSzWfnSJg+VtakB9Cm0gxNO9BzWkj6mtO1FMXkQ=="],

    "@esbuild/openbsd-arm64": ["@esbuild/openbsd-arm64@0.25.12", "", { "os": "openbsd", "cpu": "arm64" }, "sha512-fF96T6KsBo/pkQI950FARU9apGNTSlZGsv1jZBAlcLL1MLjLNIWPBkj5NlSz8aAzYKg+eNqknrUJ24QBybeR5A=="],

    "@esbuild/openbsd-x64": ["@esbuild/openbsd-x64@0.25.12", "", { "os": "openbsd", "cpu": "x64" }, "sha512-MZyXUkZHjQxUvzK7rN8DJ3SRmrVrke8ZyRusHlP+kuwqTcfWLyqMOE3sScPPyeIXN/mDJIfGXvcMqCgYKekoQw=="],

    "@esbuild/openharmony-arm64": ["@esbuild/openharmony-arm64@0.25.12", "", { "os": "none", "cpu": "arm64" }, "sha512-rm0YWsqUSRrjncSXGA7Zv78Nbnw4XL6/dzr20cyrQf7ZmRcsovpcRBdhD43Nuk3y7XIoW2OxMVvwuRvk9XdASg=="],

    "@esbuild/sunos-x64": ["@esbuild/sunos-x64@0.25.12", "", { "os": "sunos", "cpu": "x64" }, "sha512-3wGSCDyuTHQUzt0nV7bocDy72r2lI33QL3gkDNGkod22EsYl04sMf0qLb8luNKTOmgF/eDEDP5BFNwoBKH441w=="],

    "@esbuild/win32-arm64": ["@esbuild/win32-arm64@0.25.12", "", { "os": "win32", "cpu": "arm64" }, "sha512-rMmLrur64A7+DKlnSuwqUdRKyd3UE7oPJZmnljqEptesKM8wx9J8gx5u0+9Pq0fQQW8vqeKebwNXdfOyP+8Bsg=="],

    "@esbuild/win32-ia32": ["@esbuild/win32-ia32@0.25.12", "", { "os": "win32", "cpu": "ia32" }, "sha512-HkqnmmBoCbCwxUKKNPBixiWDGCpQGVsrQfJoVGYLPT41XWF8lHuE5N6WhVia2n4o5QK5M4tYr21827fNhi4byQ=="],

    "@esbuild/win32-x64": ["@esbuild/win32-x64@0.25.12", "", { "os": "win32", "cpu": "x64" }, "sha512-alJC0uCZpTFrSL0CCDjcgleBXPnCrEAhTBILpeAp7M/OFgoqtAetfBzX0xM00MUsVVPpVjlPuMbREqnZCXaTnA=="],

    "@iconify/types": ["@iconify/types@2.0.0", "", {}, "sha512-+wluvCrRhXrhyOmRDJ3q8mux9JkKy5SJ/v8ol2tu4FVjyYvtEzkc/3pK15ET6RKg4b4w4BmTk1+gsCUhf21Ykg=="],

    "@iconify/utils": ["@iconify/utils@2.3.0", "", { "dependencies": { "@antfu/install-pkg": "^1.0.0", "@antfu/utils": "^8.1.0", "@iconify/types": "^2.0.0", "debug": "^4.4.0", "globals": "^15.14.0", "kolorist": "^1.8.0", "local-pkg": "^1.0.0", "mlly": "^1.7.4" } }, "sha512-GmQ78prtwYW6EtzXRU1rY+KwOKfz32PD7iJh6Iyqw68GiKuoZ2A6pRtzWONz5VQJbp50mEjXh/7NkumtrAgRKA=="],

    "@jridgewell/gen-mapping": ["@jridgewell/gen-mapping@0.3.13", "", { "dependencies": { "@jridgewell/sourcemap-codec": "^1.5.0", "@jridgewell/trace-mapping": "^0.3.24" } }, "sha512-2kkt/7niJ6MgEPxF0bYdQ6etZaA+fQvDcLKckhy1yIQOzaoKjBBjSj63/aLVjYE3qhRt5dvM+uUyfCg6UKCBbA=="],

    "@jridgewell/remapping": ["@jridgewell/remapping@2.3.5", "", { "dependencies": { "@jridgewell/gen-mapping": "^0.3.5", "@jridgewell/trace-mapping": "^0.3.24" } }, "sha512-LI9u/+laYG4Ds1TDKSJW2YPrIlcVYOwi2fUC6xB43lueCjgxV4lffOCZCtYFiH6TNOX+tQKXx97T4IKHbhyHEQ=="],

    "@jridgewell/resolve-uri": ["@jridgewell/resolve-uri@3.1.2", "", {}, "sha512-bRISgCIjP20/tbWSPWMEi54QVPRZExkuD9lJL+UIxUKtwVJA8wW1Trb1jMs1RFXo1CBTNZ/5hpC9QvmKWdopKw=="],

    "@jridgewell/sourcemap-codec": ["@jridgewell/sourcemap-codec@1.6.0", "", {}, "sha512-T7jf+5zgsZHwNJ4lvQ7/aezbyk0nNX+zJVWpmHA7VYsEx7a7qr5Rg5IbtJFqkgze5Y2sruq1RUY8Q837Od7iFw=="],

    "@jridgewell/trace-mapping": ["@jridgewell/trace-mapping@0.3.31", "", { "dependencies": { "@jridgewell/resolve-uri": "^3.1.0", "@jridgewell/sourcemap-codec": "^1.4.14" } }, "sha512-zzNR+SdQSDJzc8joaeP8QQoCQr8NuYx2dIIytl1QeBEZHJ9uW6hebsrYgbz8hJwUQao3TWCMtmfV8Nu1twOLAw=="],

    "@napi-rs/lzma-linux-x64-gnu": ["@napi-rs/lzma-linux-x64-gnu@1.5.1", "", { "os": "linux", "cpu": "x64" }, "sha512-oTXEIha4SsuXdTA4Iyskj0kpdx2yVXdhd75c2v3xGrHFfVMsbhTPZU/nMPL4sWKo4pBHm3aucLaqGlF696dTyQ=="],

    "@polka/url": ["@polka/url@1.0.0-next.29", "", {}, "sha512-wwQAWhWSuHaag8c4q/KN/vCoeOJYshAIvMQwD4GpSb3OiZklFfvAgmj0VCBBImRpuF/aFgIRzllXlVX93Jevww=="],

    "@rollup/rollup-android-arm-eabi": ["@rollup/rollup-android-arm-eabi@4.63.4", "", { "os": "android", "cpu": "arm" }, "sha512-I+BSHzTAhKN2n7ZwGZsegGcZjDpLqFOMAtJz/u6uFGe0pUFbq56dEHjqJV/ZUdRJtNXNxA+hREUatZBvMR3Oiw=="],

    "@rollup/rollup-android-arm64": ["@rollup/rollup-android-arm64@4.63.4", "", { "os": "android", "cpu": "arm64" }, "sha512-pu3BdjS2LtEzRu2elmGzS3fIeWSZy4BMDIaLNwjorO76+k2d0LMluijhsDx3KQyQBQ/lLUZCQA9/s6csvUfuhw=="],

    "@rollup/rollup-darwin-arm64": ["@rollup/rollup-darwin-arm64@4.63.4", "", { "os": "darwin", "cpu": "arm64" }, "sha512-xfSrj9MHnWK9GaSqT9U0ImHtH/N8WZlHLx4cZHiuLcqs640hvZ3hLPd5UR2AZS57FaE8HrRUSpltbZdWRxHiDA=="],

    "@rollup/rollup-darwin-x64": ["@rollup/rollup-darwin-x64@4.63.4", "", { "os": "darwin", "cpu": "x64" }, "sha512-bqU99PLJb/dqb3S0GIMdeuyAEETSUgZBoqXYd3Sd+WCsV+MmPhnN6JrotWyir31+QgH7EvvE5/mwGJlEoci8Fw=="],

    "@rollup/rollup-freebsd-arm64": ["@rollup/rollup-freebsd-arm64@4.63.4", "", { "os": "freebsd", "cpu": "arm64" }, "sha512-JinsFZ5G40oXQb+sUuiA5x689vhr6dDYK0H0NL+rwKdL6CqnmYN8PE4ZwfRSoIjrCxqTQG/SLfTtSvHeGxoVlw=="],

    "@rollup/rollup-freebsd-x64": ["@rollup/rollup-freebsd-x64@4.63.4", "", { "os": "freebsd", "cpu": "x64" }, "sha512-GAdA4UxpiNm27cLHr2GqXBpAD0x9FqwYBY7/YSP0Ss0/PNi4k8gbviqpIpYbVSRBaS2ZcegXEzgTQMbRNCwxCw=="],

    "@rollup/rollup-linux-arm-gnueabihf": ["@rollup/rollup-linux-arm-gnueabihf@4.63.4", "", { "os": "linux", "cpu": "arm" }, "sha512-qDd6NoA1znaLjp4jR5U/KWCdLAKDJNB8W9ChbbDaKbo0xA+Atln5HK6LFCZ4oJQpemtRZA288DCirFRjrspptw=="],

    "@rollup/rollup-linux-arm-musleabihf": ["@rollup/rollup-linux-arm-musleabihf@4.63.4", "", { "os": "linux", "cpu": "arm" }, "sha512-WtB5Tz5KTNINb8ZA+8sQ7bmjuS1JrRT7YverYIhUGdWWDlpzVWmIwuZE+jidkEXUn1l0zrEkaIMa8dHF3NGcsA=="],

    "@rollup/rollup-linux-arm64-gnu": ["@rollup/rollup-linux-arm64-gnu@4.63.4", "", { "os": "linux", "cpu": "arm64" }, "sha512-VcQ3L1tjnkKzWjryAVaFhHEWcqOfICX9uxVVoDzm2t0DpgKRHd2zOpVrJc0xsWeBZcBFyYROCIBdyR/fS174pg=="],

    "@rollup/rollup-linux-arm64-musl": ["@rollup/rollup-linux-arm64-musl@4.63.4", "", { "os": "linux", "cpu": "arm64" }, "sha512-6+ZQX6P5s0cMDN2Ypb8Lbm2+/sZYmZjdaYny992ujUU9UKi/4CWoJWsl1pNvjWJHNHGK51m+jKGLlh1ylb2ifQ=="],

    "@rollup/rollup-linux-loong64-gnu": ["@rollup/rollup-linux-loong64-gnu@4.63.4", "", { "os": "linux", "cpu": "none" }, "sha512-D72ZnvkFkBXOfzMMQLcwfPLyGkKb7HZ9/mf97B7v6/P5Lbv4oFOtSY/uHbS8lH6uKUOxoKiuokdb50XZSzzbJw=="],

    "@rollup/rollup-linux-loong64-musl": ["@rollup/rollup-linux-loong64-musl@4.63.4", "", { "os": "linux", "cpu": "none" }, "sha512-piU6BxeqA3O9KSu3kRCIQQtNqFFaTu21SEV4FwaRZowpnj3bLaWPZHw+xFqCs0XlJ+aOH3PTRWGoglH+mKA/OA=="],

    "@rollup/rollup-linux-ppc64-gnu": ["@rollup/rollup-linux-ppc64-gnu@4.63.4", "", { "os": "linux", "cpu": "ppc64" }, "sha512-/5PGpHwqt2EEEOUs1XwzubE/ucr0dWDQ+to3zqi4Ds7EWpwtQ79wXc4JBoxqj/OwpawTsKWzJxHfSuBOq3DrWA=="],

    "@rollup/rollup-linux-ppc64-musl": ["@rollup/rollup-linux-ppc64-musl@4.63.4", "", { "os": "linux", "cpu": "ppc64" }, "sha512-cX3beZDLWt7G2oJF+nhChiT+qtaihs+S2xi7ziGmVB+2pwPng6D0Ed0HmElQOgv2UsUmSJJLGwpBao/3TDx3VA=="],

    "@rollup/rollup-linux-riscv64-gnu": ["@rollup/rollup-linux-riscv64-gnu@4.63.4", "", { "os": "linux", "cpu": "none" }, "sha512-1uz2mGWHyptR7DgHHrlbdRAjXK7v7elGZ9lMja910/RP+ZYbX6xAmCiU9UZSX4hqmgtHMv6lr5l3kq1HIOpcag=="],

    "@rollup/rollup-linux-riscv64-musl": ["@rollup/rollup-linux-riscv64-musl@4.63.4", "", { "os": "linux", "cpu": "none" }, "sha512-nLS8topojxyz7SRpKR2IODRpQ0XPZ+xaOXvT3+hqK/Uy8Lo5HFgkkIBiIrCu5tL5YqzTvgovGw55PwpahTAGig=="],

    "@rollup/rollup-linux-s390x-gnu": ["@rollup/rollup-linux-s390x-gnu@4.63.4", "", { "os": "linux", "cpu": "s390x" }, "sha512-gs7DRKotr3l3q+jGPQBjH0ng1FjlEDm5ueQrkw5JtQvtLyEIcLASqAEaor56BhkKRzk+IcQzrcanBdb/bBQn8g=="],

    "@rollup/rollup-linux-x64-gnu": ["@rollup/rollup-linux-x64-gnu@4.63.4", "", { "os": "linux", "cpu": "x64" }, "sha512-791ET7W17NnScOZM7h4dX5hYspxE28htPFsb1awY/NRR8+PRNkS53e475rDdxXXDrP+kwnCcNWg9CX5ztn/Aqw=="],

    "@rollup/rollup-linux-x64-musl": ["@rollup/rollup-linux-x64-musl@4.63.4", "", { "os": "linux", "cpu": "x64" }, "sha512-iwZQRcmj7g88g3tzefIrQY7qvmuA/cfYwhrDtTBhsmukO4U2huVO5W+86XacUMRvdSFVAc6kZUZy21JaRwiB9w=="],

    "@rollup/rollup-openbsd-x64": ["@rollup/rollup-openbsd-x64@4.63.4", "", { "os": "openbsd", "cpu": "x64" }, "sha512-dVHFp9gRWrdTpnqQuGfCwd7hOQDatK1VCP2iWhLY/cGrOQs/ucFzJ6A5SRqbXX12ZDI8EUuejSM5kwg+ja7Png=="],

    "@rollup/rollup-openharmony-arm64": ["@rollup/rollup-openharmony-arm64@4.63.4", "", { "os": "none", "cpu": "arm64" }, "sha512-t3NlauOW6gxZVVFcBEnO62Cb4wbyDFL416gTg1uFI/2tgqYQlf69FbSE115Ajre9I+c26Lk4mcmdFUsS/DGifQ=="],

    "@rollup/rollup-win32-arm64-msvc": ["@rollup/rollup-win32-arm64-msvc@4.63.4", "", { "os": "win32", "cpu": "arm64" }, "sha512-xWuIaSye5FWZF8+UYtVEcHtRJDN5kN9Kfgxx3Kq8XIov9KSKbc1fiqQCm90SKrgQbUXZelbnUhnlUJmfSE7P9A=="],

    "@rollup/rollup-win32-ia32-msvc": ["@rollup/rollup-win32-ia32-msvc@4.63.4", "", { "os": "win32", "cpu": "ia32" }, "sha512-9ALJJUOg/ZflMJepVo2PlgsGxSaxN7SQ4Z8GoZfVlarWr6r3rkHUNsd/zAio7p4YMtChSMXPionxej4Hkf6CXQ=="],

    "@rollup/rollup-win32-x64-gnu": ["@rollup/rollup-win32-x64-gnu@4.63.4", "", { "os": "win32", "cpu": "x64" }, "sha512-blj9z5qx/Pv4WU0W1NMFDB97e0JH5ed+aZGywW8WCvp/NhWX/4PFAq5uu6Q0AebNn+Vo6KzUYDT++JzTT5ojlQ=="],

    "@rollup/rollup-win32-x64-msvc": ["@rollup/rollup-win32-x64-msvc@4.63.4", "", { "os": "win32", "cpu": "x64" }, "sha512-Erx822VRBwLa124shbj+wNXe//BOgMEctDV0m1aqTQdNO1S69DgNUCFKC1RCeZfixs1J31l6igk1ziyXErbigQ=="],

    "@sveltejs/acorn-typescript": ["@sveltejs/acorn-typescript@1.0.13", "", { "peerDependencies": { "acorn": "^8.9.0" } }, "sha512-wgKggnhZVL9Bfx1OaKKTrYY9BFRk6C8UAkQNUcIv1+llzYrIqy+RZm5HPKzn0NpEBvTVhTqB4kQyllZywsRBRQ=="],

    "@sveltejs/load-config": ["@sveltejs/load-config@0.2.3", "", {}, "sha512-VT3qmUb8pRV2QrZjd8iAmtg8lf4W0TIjZbvXtz5MKei/q96teWZgGJyyidJzOjzZzvdq616eSRVeMYIQChUTAQ=="],

    "@sveltejs/vite-plugin-svelte": ["@sveltejs/vite-plugin-svelte@5.1.1", "", { "dependencies": { "@sveltejs/vite-plugin-svelte-inspector": "^4.0.1", "debug": "^4.4.1", "deepmerge": "^4.3.1", "kleur": "^4.1.5", "magic-string": "^0.30.17", "vitefu": "^1.0.6" }, "peerDependencies": { "svelte": "^5.0.0", "vite": "^6.0.0" } }, "sha512-Y1Cs7hhTc+a5E9Va/xwKlAJoariQyHY+5zBgCZg4PFWNYQ1nMN9sjK1zhw1gK69DuqVP++sht/1GZg1aRwmAXQ=="],

    "@sveltejs/vite-plugin-svelte-inspector": ["@sveltejs/vite-plugin-svelte-inspector@4.0.1", "", { "dependencies": { "debug": "^4.3.7" }, "peerDependencies": { "@sveltejs/vite-plugin-svelte": "^5.0.0", "svelte": "^5.0.0", "vite": "^6.0.0" } }, "sha512-J/Nmb2Q2y7mck2hyCX4ckVHcR5tu2J+MtBEQqpDrrgELZ2uvraQcK/ioCV61AqkdXFgriksOKIceDcQmqnGhVw=="],

    "@types/estree": ["@types/estree@1.0.9", "", {}, "sha512-GhdPgy1el4/ImP05X05Uw4cw2/M93BCUmnEvWZNStlCzEKME4Fkk+YpoA5OiHNQmoS7Cafb8Xa3Pya8m1Qrzeg=="],

    "@unocss/astro": ["@unocss/astro@65.5.0", "", { "dependencies": { "@unocss/core": "65.5.0", "@unocss/reset": "65.5.0", "@unocss/vite": "65.5.0" }, "peerDependencies": { "vite": "^2.9.0 || ^3.0.0-0 || ^4.0.0 || ^5.0.0-0 || ^6.0.0-0" }, "optionalPeers": ["vite"] }, "sha512-z0uLbOQhINYpd57p0p/fpVeBY1+Rv0t4GQQUMF00tH8tpIHGUdyHH9aE/yGZaeLI2onmaShTDgIVXT+7fR9fMw=="],

    "@unocss/cli": ["@unocss/cli@65.5.0", "", { "dependencies": { "@ampproject/remapping": "^2.3.0", "@unocss/config": "65.5.0", "@unocss/core": "65.5.0", "@unocss/preset-uno": "65.5.0", "cac": "^6.7.14", "chokidar": "^3.6.0", "colorette": "^2.0.20", "consola": "^3.4.0", "magic-string": "^0.30.17", "pathe": "^2.0.3", "perfect-debounce": "^1.0.0", "tinyglobby": "^0.2.10", "unplugin-utils": "^0.2.4" }, "bin": { "unocss": "bin/unocss.mjs" } }, "sha512-RZvAlu7vWIyeQr1TqFb5JsL95MWmDfopX9EaScUy5zuMjE05kvlPj4kM5y39N3XIpEDYWqI7WdwwrPqU45UraQ=="],

    "@unocss/config": ["@unocss/config@65.5.0", "", { "dependencies": { "@unocss/core": "65.5.0", "unconfig": "~7.0.0" } }, "sha512-XK9Y3Z1m3oPXQl5pVOYk6+pltsk70RHFvsAtTyFd5G5kAHzQS/em4/lL6/0IubU7rn2j+9eHeCVOiWXW9lnvYA=="],

    "@unocss/core": ["@unocss/core@65.5.0", "", {}, "sha512-XYWdS09M2XOjZNDotGhI2TIW/6duLNiyssopwjCbv4AlPklF0bZI86SKI55syYDBt6GRadoQbuvUkhSiTV/hzQ=="],

    "@unocss/extractor-arbitrary-variants": ["@unocss/extractor-arbitrary-variants@65.5.0", "", { "dependencies": { "@unocss/core": "65.5.0" } }, "sha512-7K3gftOdkv9jbWvbkExTcx6/FDP2Xk/NSsOYTvR9oITLnLjmdQvp+9276WSnNfKF3frBl8ZcqpkC2EsuL2Yutw=="],

    "@unocss/inspector": ["@unocss/inspector@65.5.0", "", { "dependencies": { "@unocss/core": "65.5.0", "@unocss/rule-utils": "65.5.0", "colorette": "^2.0.20", "gzip-size": "^6.0.0", "sirv": "^3.0.0", "vue-flow-layout": "^0.1.1" } }, "sha512-dhAijjVblrAUqHjqB2p4JhNTpRo85BTi6SLbG+ePwGsIL9oxNXtN57O2mzp1mSEKS1C+QjHmRV7u+gh8Bj93Zg=="],

    "@unocss/postcss": ["@unocss/postcss@65.5.0", "", { "dependencies": { "@unocss/config": "65.5.0", "@unocss/core": "65.5.0", "@unocss/rule-utils": "65.5.0", "css-tree": "^3.1.0", "postcss": "^8.5.2", "tinyglobby": "^0.2.10" } }, "sha512-mSGLX0KgygPhICZlUrjLgDJsEkgtrTjkDRI4skC7ZB/2pwQaESg8M3vhtWK/6XK+WGriUowfd5n6F6cfX3c2eg=="],

    "@unocss/preset-attributify": ["@unocss/preset-attributify@65.5.0", "", { "dependencies": { "@unocss/core": "65.5.0" } }, "sha512-l3xQK6Om5fNknck04OZy3X7+k0EmVTEzF6BBMCYVaT2ZtCLhlznVt7tEg4ESLuXIZfx/+jd2sW3E3UY/EJ8rUA=="],

    "@unocss/preset-icons": ["@unocss/preset-icons@65.5.0", "", { "dependencies": { "@iconify/utils": "^2.3.0", "@unocss/core": "65.5.0", "ofetch": "^1.4.1" } }, "sha512-lSwMNtj4nufpQDBFoioAM9S6hP8028lA9fLFM3Vw+KmI10/3TaZyOaCXJVH5UdsfNWexGGo/Qo+K1YFWfXLZ8A=="],

    "@unocss/preset-mini": ["@unocss/preset-mini@65.5.0", "", { "dependencies": { "@unocss/core": "65.5.0", "@unocss/extractor-arbitrary-variants": "65.5.0", "@unocss/rule-utils": "65.5.0" } }, "sha512-oD2INmEgTOxmFsVceflv4Zs67vz9PRbpg3+CMsJLWgfX4UdQ1H4jZms72+g3N1hhXBvOFwvGvqGaMnrVMRk54g=="],

    "@unocss/preset-tagify": ["@unocss/preset-tagify@65.5.0", "", { "dependencies": { "@unocss/core": "65.5.0" } }, "sha512-m0CfBawgf4VQlbaijgeWXG6vXEOt4VsNIk1NLUyRM0GBMiOB3usb1tPLWJtRpje6p+bR+k4rpe4LsPMHhKtFfQ=="],

    "@unocss/preset-typography": ["@unocss/preset-typography@65.5.0", "", { "dependencies": { "@unocss/core": "65.5.0", "@unocss/preset-mini": "65.5.0", "@unocss/rule-utils": "65.5.0" } }, "sha512-lokYOVF/y1Zt1QufxrD/oJe4aUCK6hHPlisSJRReyKXuGUrBR9yWiIZfINqhkj3kMO6zzN23QiaA5E5cpUkDPg=="],

    "@unocss/preset-uno": ["@unocss/preset-uno@65.5.0", "", { "dependencies": { "@unocss/core": "65.5.0", "@unocss/preset-mini": "65.5.0", "@unocss/preset-wind": "65.5.0", "@unocss/rule-utils": "65.5.0" } }, "sha512-aVlSjzBc7IqNFgfu06qyP+CBRRGMNQLoQtZteRwa/vsUcTqGLzo7KhvkDazPEKpurmurXiymrvujTHInW0IooQ=="],

    "@unocss/preset-web-fonts": ["@unocss/preset-web-fonts@65.5.0", "", { "dependencies": { "@unocss/core": "65.5.0", "ofetch": "^1.4.1" } }, "sha512-zWPsQiMSCoP61J8DX++3Z8Ncs20a3rdBb3uI7bDzHdf9MZEIhKzYYchpYO9Dfw7pzclECeuKhq5IjPjM1lmPUQ=="],

    "@unocss/preset-wind": ["@unocss/preset-wind@65.5.0", "", { "dependencies": { "@unocss/core": "65.5.0", "@unocss/preset-mini": "65.5.0", "@unocss/rule-utils": "65.5.0" } }, "sha512-3krOUZ5qC2J3JGheZsTDNbzqr9qYJw9GP1yEcfeE6K3qVcZnf+3DyJ0i1PuaM5SusOA0MBsHmCU49rLKurdyoA=="],

    "@unocss/reset": ["@unocss/reset@65.5.0", "", {}, "sha512-jADqiBAfOO9aZNpnsmxc7WX7vIIxyalcmCJ7fwdyPRmFhxZZ5ZoSYsHDt0Wfn/W2BRQkLjXWL0956nXH0lz79Q=="],

    "@unocss/rule-utils": ["@unocss/rule-utils@65.5.0", "", { "dependencies": { "@unocss/core": "^65.5.0", "magic-string": "^0.30.17" } }, "sha512-xT4N0EY1dl1mqY5gTKD0H/Fg6xApe7xbfNTUwctOu02DMeJhqv9BTqfoAihH/hzGSI69+FtzVtz7hUxTypfehA=="],

    "@unocss/transformer-attributify-jsx": ["@unocss/transformer-attributify-jsx@65.5.0", "", { "dependencies": { "@unocss/core": "65.5.0" } }, "sha512-ZWSGKw52h8nJSO1DaYGccjjNaBifl4LKJ4U0YpjaF2LDLA5BLBapUtyjTS7ffl6p7GZNokA6VUGL+MXPw+oDXg=="],

    "@unocss/transformer-compile-class": ["@unocss/transformer-compile-class@65.5.0", "", { "dependencies": { "@unocss/core": "65.5.0" } }, "sha512-7QMtWhUVKkSYFCDzinR8PPubhLFA+KVJMoHCTX1KTw/lQ5Zt7/FiwLX5zepc50K3074dPgR3hWn5PpK+CZeq7g=="],

    "@unocss/transformer-directives": ["@unocss/transformer-directives@65.5.0", "", { "dependencies": { "@unocss/core": "65.5.0", "@unocss/rule-utils": "65.5.0", "css-tree": "^3.1.0" } }, "sha512-IsUd7L28bRAoN5fyWyNzHu7HOa1yjPqTU/QZfUEViJXApOEKUZ4anBSyU0lPU+59kMneg40xOvCBR70qNMCw4w=="],

    "@unocss/transformer-variant-group": ["@unocss/transformer-variant-group@65.5.0", "", { "dependencies": { "@unocss/core": "65.5.0" } }, "sha512-I0ibbLRGI/9+BJy0yybxtmoYPIwGPMfwQDAvChhFXmokJG1YMpeJqPBI7fypHfbk/iO00W5lOGQ4XiIfsHfiHg=="],

    "@unocss/vite": ["@unocss/vite@65.5.0", "", { "dependencies": { "@ampproject/remapping": "^2.3.0", "@unocss/config": "65.5.0", "@unocss/core": "65.5.0", "@unocss/inspector": "65.5.0", "chokidar": "^3.6.0", "magic-string": "^0.30.17", "tinyglobby": "^0.2.10", "unplugin-utils": "^0.2.4" }, "peerDependencies": { "vite": "^2.9.0 || ^3.0.0-0 || ^4.0.0 || ^5.0.0-0 || ^6.0.0-0" } }, "sha512-v2rFIrBaWGQmSJeKv7us+2OMos2RqdZYpf/seOpf4MFHrmjjiFQ1ZWkTqFyNfUxAwj6VID5frVJhxJfZuEhhug=="],

    "@vue/compiler-core": ["@vue/compiler-core@3.5.43", "", { "dependencies": { "@babel/parser": "^7.29.8", "@vue/shared": "3.5.43", "entities": "^7.0.1", "estree-walker": "^2.0.2", "source-map-js": "^1.2.1" } }, "sha512-zdiLhnbe1QQqgDT8xZMpNmyqZ3qlI+/Q/FHQco57Kwl/b05HhCzN6eVGN9QU9rbga4CrS0H5SYY8VGHZCt/1Hg=="],

    "@vue/compiler-dom": ["@vue/compiler-dom@3.5.43", "", { "dependencies": { "@vue/compiler-core": "3.5.43", "@vue/shared": "3.5.43" } }, "sha512-PEZoAk3NQmsn/ejMzSOCyTYqwGqczrWm70PuhBKjjv1+TCoQAaO/zOqNwjV+honlNstT5ILxtc+8r8UUfj+iEQ=="],

    "@vue/compiler-sfc": ["@vue/compiler-sfc@3.5.43", "", { "dependencies": { "@babel/parser": "^7.29.8", "@vue/compiler-core": "3.5.43", "@vue/compiler-dom": "3.5.43", "@vue/compiler-ssr": "3.5.43", "@vue/shared": "3.5.43", "estree-walker": "^2.0.2", "magic-string": "^0.30.21", "postcss": "^8.5.28", "source-map-js": "^1.2.1" } }, "sha512-FCbrG3XNCRl+js3huuKx4IVHBLTvMkJhVepjbxSPu1gn4yWLaYtGNQdjJGZaMytXB6qb76qQDDmDSLy/vkmleQ=="],

    "@vue/compiler-ssr": ["@vue/compiler-ssr@3.5.43", "", { "dependencies": { "@vue/compiler-dom": "3.5.43", "@vue/shared": "3.5.43" } }, "sha512-GF62orf7KiJX9RqrHNGrYBudsQGD0OhJ5nDs90O8UiDuS40+YMYomiXu6w6EuvtXuRDc3MSNis3EaaSKAVSWpg=="],

    "@vue/reactivity": ["@vue/reactivity@3.5.43", "", { "dependencies": { "@vue/shared": "3.5.43" } }, "sha512-G/c9GyOZNI2jVaaS6OX1EF1SSFSv7H0ERqNTl4+DTFMlZmB5eVAB53aLQNam/7NL2NPtaDD7RdVrzf8uJzMuOA=="],

    "@vue/runtime-core": ["@vue/runtime-core@3.5.43", "", { "dependencies": { "@vue/reactivity": "3.5.43", "@vue/shared": "3.5.43" } }, "sha512-hU6U6VnVhBGQDpvlnnDlIB8ZGJBiOcgk2lh/0InltHiz3D8oSkluvuvY+do1G2H3+udeKFsmaBlgVYP7gXQzEw=="],

    "@vue/runtime-dom": ["@vue/runtime-dom@3.5.43", "", { "dependencies": { "@vue/reactivity": "3.5.43", "@vue/runtime-core": "3.5.43", "@vue/shared": "3.5.43", "csstype": "^3.2.3" } }, "sha512-Bb2Jc0YjjJdMt1SJmb9b2L/IWd3I8lIT9x9eS/xvvP9CiVgna0ffua74xKRmt4/uSJ+0r4iN8ex1jrqkhQGWQw=="],

    "@vue/server-renderer": ["@vue/server-renderer@3.5.43", "", { "dependencies": { "@vue/compiler-ssr": "3.5.43", "@vue/runtime-dom": "3.5.43", "@vue/shared": "3.5.43" } }, "sha512-l2Ygjv9NehV94PSBxNWsAHC0j/eIIKbn92mBuWXAPGLnn6HfJ6MH5ubsd+Nk0YoZ5FRuxWI1P2VSoh+dbPQhCQ=="],

    "@vue/shared": ["@vue/shared@3.5.43", "", {}, "sha512-uksS7YGMR5NZyr4JNq0Rp+QyLns0ueaz20KwzIPW9R0LH1Vnt4E+XUM29PNseEbf1www2gOuhuDi5AKOIXag9Q=="],

    "acorn": ["acorn@8.18.0", "", { "bin": { "acorn": "bin/acorn" } }, "sha512-lGq+9yr1/GuAWaVYIHRjvvySG5/4VfKIvC8EWxStPdcDh/Ka7FG3twP6v4d5BkravUilhIAsG4Qj83t02LWUPQ=="],

    "anymatch": ["anymatch@3.1.3", "", { "dependencies": { "normalize-path": "^3.0.0", "picomatch": "^2.0.4" } }, "sha512-KMReFUr0B4t+D+OBkjR3KYqvocp2XaSzO55UcB6mgQMd3KbcE+mWTyvVV7D/zsdEbNnV6acZUutkiHQXvTr1Rw=="],

    "aria-query": ["aria-query@5.3.1", "", {}, "sha512-Z/ZeOgVl7bcSYZ/u/rh0fOpvEpq//LZmdbkXyc7syVzjPAhfOa9ebsdTSjEBDU4vs5nC98Kfduj1uFo0qyET3g=="],

    "axobject-query": ["axobject-query@4.1.0", "", {}, "sha512-qIj0G9wZbMGNLjLmg1PT6v2mE9AH2zlnADJD/2tC6E00hgmhUOfEB6greHPAfLRSufHqROIUTkw6E+M3lH0PTQ=="],

    "binary-extensions": ["binary-extensions@2.3.0", "", {}, "sha512-Ceh+7ox5qe7LJuLHoY0feh3pHuUDHAcRUeyL2VYghZwfpkNIy/+8Ocg0a3UuSoYzavmylwuLWQOf3hl0jjMMIw=="],

    "braces": ["braces@3.0.3", "", { "dependencies": { "fill-range": "^7.1.1" } }, "sha512-yQbXgO/OSZVD2IsiLlro+7Hf6Q18EJrKSEsdoMzKePKXct3gvD8oLcOQdIzGupr5Fj+EDe8gO/lxc1BzfMpxvA=="],

    "cac": ["cac@6.7.14", "", {}, "sha512-b6Ilus+c3RrdDk+JhLKUAQfzzgLEPy6wcXqS7f/xe1EETvsDP6GORG7SFuOs6cID5YkqchW/LXZbX5bc8j7ZcQ=="],

    "chokidar": ["chokidar@4.0.3", "", { "dependencies": { "readdirp": "^4.0.1" } }, "sha512-Qgzu8kfBvo+cA4962jnP1KkS6Dop5NS6g7R5LFYJr4b8Ub94PPQXUksCw9PvXoeXPRRddRNC5C1JQUR2SMGtnA=="],

    "clsx": ["clsx@2.1.1", "", {}, "sha512-eYm0QWBtUrBWZWG0d386OGAw16Z995PiOVo2B7bjWSbHedGl5e0ZWaq65kOGgUSNesEIDkB9ISbTg/JK9dhCZA=="],

    "colorette": ["colorette@2.0.20", "", {}, "sha512-IfEDxwoWIjkeXL1eXcDiow4UbKjhLdq6/EuSVR9GMN7KVH3r9gQ83e73hsz1Nd1T3ijd5xv1wcWRYO+D6kCI2w=="],

    "confbox": ["confbox@0.3.1", "", {}, "sha512-cKUSoKa8YxFZZSmraVi7onONx3amu77ngK3kGpsYHDH7drPwCRkQE1RYMPlLRrMtnciRj274XNRxcHxnKmDSnA=="],

    "consola": ["consola@3.4.2", "", {}, "sha512-5IKcdX0nnYavi6G7TtOhwkYzyjfJlatbjMjuLSfE2kYT5pMDOilZ4OvMhi637CcDICTmz3wARPoyhqyX1Y+XvA=="],

    "css-tree": ["css-tree@3.2.1", "", { "dependencies": { "mdn-data": "2.27.1", "source-map-js": "^1.2.1" } }, "sha512-X7sjQzceUhu1u7Y/ylrRZFU2FS6LRiFVp6rKLPg23y3x3c3DOKAwuXGDp+PAGjh6CSnCjYeAul8pcT8bAl+lSA=="],

    "csstype": ["csstype@3.2.3", "", {}, "sha512-z1HGKcYy2xA8AGQfwrn0PAy+PB7X/GSj3UVJW9qKyn43xWa+gl5nXmU4qqLMRzWVLFC8KusUX8T/0kCiOYpAIQ=="],

    "debug": ["debug@4.4.3", "", { "dependencies": { "ms": "^2.1.3" } }, "sha512-RGwwWnwQvkVfavKVt22FGLw+xYSdzARwm0ru6DhTVA3umU5hZc28V3kO4stgYryrTlLpuvgI9GiijltAjNbcqA=="],

    "deepmerge": ["deepmerge@4.3.1", "", {}, "sha512-3sUqbMEc77XqpdNO7FRyRog+eW3ph+GYCbj+rK+uYyRMuwsVy0rMiVtPn+QJlKFvWP/1PYpapqYn0Me2knFn+A=="],

    "defu": ["defu@6.1.7", "", {}, "sha512-7z22QmUWiQ/2d0KkdYmANbRUVABpZ9SNYyH5vx6PZ+nE5bcC0l7uFvEfHlyld/HcGBFTL536ClDt3DEcSlEJAQ=="],

    "destr": ["destr@2.0.5", "", {}, "sha512-ugFTXCtDZunbzasqBxrK93Ik/DRYsO6S/fedkWEMKqt04xZ4csmnmwGDBAb07QWNaGMAmnTIemsYZCksjATwsA=="],

    "devalue": ["devalue@5.9.4", "", {}, "sha512-sPAT4pztbu6586/hrhOnMKS17IJrvg12mXiSPSS3W5qDeN2RGgvZ0diZCm31dBbnevfVmujNO3IM2wrS4Y2Rhg=="],

    "duplexer": ["duplexer@0.1.2", "", {}, "sha512-jtD6YG370ZCIi/9GTaJKQxWTZD045+4R4hTk/x1UyoqadyJ9x9CgSi1RlVDQF8U2sxLLSnFkCaMihqljHIWgMg=="],

    "entities": ["entities@7.0.1", "", {}, "sha512-TWrgLOFUQTH994YUyl1yT4uyavY5nNB5muff+RtWaqNVCAK408b5ZnnbNAUEWLTCpum9w6arT70i1XdQ4UeOPA=="],

    "esbuild": ["esbuild@0.25.12", "", { "optionalDependencies": { "@esbuild/aix-ppc64": "0.25.12", "@esbuild/android-arm": "0.25.12", "@esbuild/android-arm64": "0.25.12", "@esbuild/android-x64": "0.25.12", "@esbuild/darwin-arm64": "0.25.12", "@esbuild/darwin-x64": "0.25.12", "@esbuild/freebsd-arm64": "0.25.12", "@esbuild/freebsd-x64": "0.25.12", "@esbuild/linux-arm": "0.25.12", "@esbuild/linux-arm64": "0.25.12", "@esbuild/linux-ia32": "0.25.12", "@esbuild/linux-loong64": "0.25.12", "@esbuild/linux-mips64el": "0.25.12", "@esbuild/linux-ppc64": "0.25.12", "@esbuild/linux-riscv64": "0.25.12", "@esbuild/linux-s390x": "0.25.12", "@esbuild/linux-x64": "0.25.12", "@esbuild/netbsd-arm64": "0.25.12", "@esbuild/netbsd-x64": "0.25.12", "@esbuild/openbsd-arm64": "0.25.12", "@esbuild/openbsd-x64": "0.25.12", "@esbuild/openharmony-arm64": "0.25.12", "@esbuild/sunos-x64": "0.25.12", "@esbuild/win32-arm64": "0.25.12", "@esbuild/win32-ia32": "0.25.12", "@esbuild/win32-x64": "0.25.12" }, "bin": { "esbuild": "bin/esbuild" } }, "sha512-bbPBYYrtZbkt6Os6FiTLCTFxvq4tt3JKall1vRwshA3fdVztsLAatFaZobhkBC8/BrPetoa0oksYoKXoG4ryJg=="],

    "esm-env": ["esm-env@1.2.2", "", {}, "sha512-Epxrv+Nr/CaL4ZcFGPJIYLWFom+YeV1DqMLHJoEd9SYRxNbaFruBwfEX/kkHUJf55j2+TUbmDcmuilbP1TmXHA=="],

    "esrap": ["esrap@2.3.11", "", { "dependencies": { "@jridgewell/sourcemap-codec": "^1.4.15" }, "peerDependencies": { "@typescript-eslint/types": "^8.2.0" }, "optionalPeers": ["@typescript-eslint/types"] }, "sha512-1kmQFiDHcf1T69K9qKtn2MasiKlaq6xNw2ZEgHD8jNyyoNEfx9eCOiJpYDmc0Yk0FKT0bzx5dyBocMDAitWpaQ=="],

    "estree-walker": ["estree-walker@2.0.2", "", {}, "sha512-Rfkk/Mp/DL7JVje3u18FxFujQlTNR2q6QfMSMB7AvCBx91NGj/ba3kCfza0f6dVDbw7YlRf/nDrn7pQrCCyQ/w=="],

    "exsolve": ["exsolve@1.1.1", "", {}, "sha512-9U/jZUgjnSGyntRr6y5Muu1MJcwFl6kPu7k8qLF0IMNfLqvw0NZ4nnVDq0RVoZ0RvCyumib4Ez3KYrVfilrw+g=="],

    "fdir": ["fdir@6.5.0", "", { "peerDependencies": { "picomatch": "^3 || ^4" }, "optionalPeers": ["picomatch"] }, "sha512-tIbYtZbucOs0BRGqPJkshJUYdL+SDH7dVM8gjy+ERp3WAUjLEFJE+02kanyHtwjWOnwrKYBiwAmM0p4kLJAnXg=="],

    "fill-range": ["fill-range@7.1.1", "", { "dependencies": { "to-regex-range": "^5.0.1" } }, "sha512-YsGpe3WHLK8ZYi4tWDg2Jy3ebRz2rXowDxnld4bkQB00cc/1Zw9AWnC0i9ztDJitivtQvaI9KaLyKrc+hBW0yg=="],

    "fsevents": ["fsevents@2.3.3", "", { "os": "darwin" }, "sha512-5xoDfX+fL7faATnagmWPpbFtwh/R77WmMMqqHGS65C3vvB0YHrgF+B1YmZ3441tMj5n63k0212XNoJwzlhffQw=="],

    "glob-parent": ["glob-parent@5.1.2", "", { "dependencies": { "is-glob": "^4.0.1" } }, "sha512-AOIgSQCepiJYwP3ARnGx+5VnTu2HBYdzbGP45eLw1vr3zB3vZLeyed1sC9hnbcOc9/SrMyM5RPQrkGz4aS9Zow=="],

    "globals": ["globals@15.15.0", "", {}, "sha512-7ACyT3wmyp3I61S4fG682L0VA2RGD9otkqGJIwNUMF1SWUombIIk+af1unuDYgMm082aHYwD+mzJvv9Iu8dsgg=="],

    "gzip-size": ["gzip-size@6.0.0", "", { "dependencies": { "duplexer": "^0.1.2" } }, "sha512-ax7ZYomf6jqPTQ4+XCpUGyXKHk5WweS+e05MBO4/y3WJ5RkmPXNKvX+bx1behVILVwr6JSQvZAku021CHPXG3Q=="],

    "is-binary-path": ["is-binary-path@2.1.0", "", { "dependencies": { "binary-extensions": "^2.0.0" } }, "sha512-ZMERYes6pDydyuGidse7OsHxtbI7WVeUEozgR/g7rd0xUimYNlvZRE/K2MgZTjWy725IfelLeVcEM97mmtRGXw=="],

    "is-extglob": ["is-extglob@2.1.1", "", {}, "sha512-SbKbANkN603Vi4jEZv49LeVJMn4yGwsbzZworEoyEiutsN3nJYdbO36zfhGJ6QEDpOZIFkDtnq5JRxmvl3jsoQ=="],

    "is-glob": ["is-glob@4.0.3", "", { "dependencies": { "is-extglob": "^2.1.1" } }, "sha512-xelSayHH36ZgE7ZWhli7pW34hNbNl8Ojv5KVmkJD4hBdD3th8Tfk9vYasLM+mXWOZhFkgZfxhLSnrwRr4elSSg=="],

    "is-number": ["is-number@7.0.0", "", {}, "sha512-41Cifkg6e8TylSpdtTpeLVMqvSBEVzTttHvERD741+pnZ8ANv0004MRL43QKPDlK9cGvNp6NZWZUBlbGXYxxng=="],

    "is-reference": ["is-reference@3.0.3", "", { "dependencies": { "@types/estree": "^1.0.6" } }, "sha512-ixkJoqQvAP88E6wLydLGGqCJsrFUnqoH6HnaczB8XmDH1oaWU+xxdptvikTgaEhtZ53Ky6YXiBuUI2WXLMCwjw=="],

    "jiti": ["jiti@2.7.0", "", { "bin": { "jiti": "lib/jiti-cli.mjs" } }, "sha512-AC/7JofJvZGrrneWNaEnJeOLUx+JlGt7tNa0wZiRPT4MY1wmfKjt2+6O2p2uz2+skll8OZZmJMNqeke7kKbNgQ=="],

    "kleur": ["kleur@4.1.5", "", {}, "sha512-o+NO+8WrRiQEE4/7nwRJhN1HWpVmJm511pBHUxPLtp0BUISzlBplORYSmTclCnJvQq2tKu/sgl3xVpkc7ZWuQQ=="],

    "kolorist": ["kolorist@1.8.0", "", {}, "sha512-Y+60/zizpJ3HRH8DCss+q95yr6145JXZo46OTpFvDZWLfRCE4qChOyk1b26nMaNpfHHgxagk9dXT5OP0Tfe+dQ=="],

    "local-pkg": ["local-pkg@1.2.1", "", { "dependencies": { "mlly": "^1.7.4", "pkg-types": "^2.3.0", "quansync": "^0.2.11" } }, "sha512-++gUqRDEvcnN6Zhqrr+y/CkVEHhlrR96vZn3nZZPYzMcBUyBtTKzB9NadClFIsIVSsu+3i9tfk/erqy9kAmt7Q=="],

    "locate-character": ["locate-character@3.0.0", "", {}, "sha512-SW13ws7BjaeJ6p7Q6CO2nchbYEc3X3J6WrmTTDto7yMPqVSZTUyY5Tjbid+Ab8gLnATtygYtiDIJGQRRn2ZOiA=="],

    "magic-string": ["magic-string@0.30.21", "", { "dependencies": { "@jridgewell/sourcemap-codec": "^1.5.5" } }, "sha512-vd2F4YUyEXKGcLHoq+TEyCjxueSeHnFxyyjNp80yg0XV4vUhnDer/lvvlqM/arB5bXQN5K2/3oinyCRyx8T2CQ=="],

    "mdn-data": ["mdn-data@2.27.1", "", {}, "sha512-9Yubnt3e8A0OKwxYSXyhLymGW4sCufcLG6VdiDdUGVkPhpqLxlvP5vl1983gQjJl3tqbrM731mjaZaP68AgosQ=="],

    "mlly": ["mlly@1.8.2", "", { "dependencies": { "acorn": "^8.16.0", "pathe": "^2.0.3", "pkg-types": "^1.3.1", "ufo": "^1.6.3" } }, "sha512-d+ObxMQFmbt10sretNDytwt85VrbkhhUA/JBGm1MPaWJ65Cl4wOgLaB1NYvJSZ0Ef03MMEU/0xpPMXUIQ29UfA=="],

    "mri": ["mri@1.2.0", "", {}, "sha512-tzzskb3bG8LvYGFF/mDTpq3jpI6Q9wc3LEmBaghu+DdCssd1FakN7Bc0hVNmEyGq1bq3RgfkCb3cmQLpNPOroA=="],

    "mrmime": ["mrmime@2.0.1", "", {}, "sha512-Y3wQdFg2Va6etvQ5I82yUhGdsKrcYox6p7FfL1LbK2J4V01F9TGlepTIhnK24t7koZibmg82KGglhA1XK5IsLQ=="],

    "ms": ["ms@2.1.3", "", {}, "sha512-6FlzubTLZG3J2a/NVCAleEhjzq5oxgHyaCU9yYXvcLsvoVaHJq/s5xXI6/XXP6tz7R9xAOtHnSO/tXtF3WRTlA=="],

    "nanoid": ["nanoid@3.3.19", "", { "bin": { "nanoid": "bin/nanoid.cjs" } }, "sha512-Y2tUNy4ouw6tq5oDSKeQYGOyhkUBhNOcGV/02KC+6kd9eDGqdZd++mjMiIDilrBYvjEnCYvVtsuHCuP+okSfug=="],

    "node-fetch-native": ["node-fetch-native@1.6.7", "", {}, "sha512-g9yhqoedzIUm0nTnTqAQvueMPVOuIY16bqgAJJC8XOOubYFNwz6IER9qs0Gq2Xd0+CecCKFjtdDTMA4u4xG06Q=="],

    "normalize-path": ["normalize-path@3.0.0", "", {}, "sha512-6eZs5Ls3WtCisHWp9S2GUy8dqkpGi4BVSz3GaqiE6ezub0512ESztXUwUB6C6IKbQkY2Pnb/mD4WYojCRwcwLA=="],

    "ofetch": ["ofetch@1.5.1", "", { "dependencies": { "destr": "^2.0.5", "node-fetch-native": "^1.6.7", "ufo": "^1.6.1" } }, "sha512-2W4oUZlVaqAPAil6FUg/difl6YhqhUR7x2eZY4bQCko22UXg3hptq9KLQdqFClV+Wu85UX7hNtdGTngi/1BxcA=="],

    "package-manager-detector": ["package-manager-detector@1.8.0", "", {}, "sha512-yQA4H19AmPEoMUeavPMDIe1higySl/gH/yaQrkT/s07Qp+7pp2hYz30N3z2l5BkjVkF9Ow6o0wjJamm2y7Sn0A=="],

    "pathe": ["pathe@2.0.3", "", {}, "sha512-WUjGcAqP1gQacoQe+OBJsFA7Ld4DyXuUIjZ5cc75cLHvJ7dtNsTugphxIADwspS+AraAUePCKrSVtPLFj/F88w=="],

    "perfect-debounce": ["perfect-debounce@1.0.0", "", {}, "sha512-xCy9V055GLEqoFaHoC1SoLIaLmWctgCUaBaWxDZ7/Zx4CTyX7cJQLJOok/orfjZAh9kEYpjJa4d0KcJmCbctZA=="],

    "picocolors": ["picocolors@1.1.1", "", {}, "sha512-xceH2snhtb5M9liqDsmEw56le376mTZkEX/jEb/RxNFyegNul7eNslCXP9FDj/Lcu0X8KEyMceP2ntpaHrDEVA=="],

    "picomatch": ["picomatch@4.0.7", "", {}, "sha512-qcJu88Q2IWqJsDD529JKMdwGm/dvInW4HvQnRwiH9JtihJvzGOscDtHE3x1pBKeUOTysQ8kVmLnJ2kJu7yhcGA=="],

    "pkg-types": ["pkg-types@2.3.3", "", { "dependencies": { "confbox": "^0.3.1", "exsolve": "^1.1.1", "pathe": "^2.0.3" } }, "sha512-j/lCFdcppV0JxWpCEITdbDltBxPP6cHT+yNJ6Go2OgoSA9518X847X9z0p6LtA4Nc16+eQzCZjRrWanTGvHJ5w=="],

    "postcss": ["postcss@8.5.28", "", { "dependencies": { "nanoid": "^3.3.18", "picocolors": "^1.1.1", "source-map-js": "^1.2.1" } }, "sha512-RRuzqDtt5Y9h3quz5hWhK+TPnsmVs6WwSU6LkJMeY4HstUEDuYTG8UJSdawMRzmzAtV+KEoG8N3Qg2qLy5vM/A=="],

    "quansync": ["quansync@0.2.11", "", {}, "sha512-AifT7QEbW9Nri4tAwR5M/uzpBuqfZf+zwaEM/QkzEjj7NBuFD2rBuy0K3dE+8wltbezDV7JMA0WfnCPYRSYbXA=="],

    "readdirp": ["readdirp@4.1.2", "", {}, "sha512-GDhwkLfywWL2s6vEjyhri+eXmfH6j1L7JE27WhqLeYzoh/A3DBaYGEj2H/HFZCn/kMfim73FXxEJTw06WtxQwg=="],

    "rollup": ["rollup@4.63.4", "", { "dependencies": { "@types/estree": "1.0.9" }, "optionalDependencies": { "@napi-rs/lzma-linux-x64-gnu": "1.5.1", "@rollup/rollup-android-arm-eabi": "4.63.4", "@rollup/rollup-android-arm64": "4.63.4", "@rollup/rollup-darwin-arm64": "4.63.4", "@rollup/rollup-darwin-x64": "4.63.4", "@rollup/rollup-freebsd-arm64": "4.63.4", "@rollup/rollup-freebsd-x64": "4.63.4", "@rollup/rollup-linux-arm-gnueabihf": "4.63.4", "@rollup/rollup-linux-arm-musleabihf": "4.63.4", "@rollup/rollup-linux-arm64-gnu": "4.63.4", "@rollup/rollup-linux-arm64-musl": "4.63.4", "@rollup/rollup-linux-loong64-gnu": "4.63.4", "@rollup/rollup-linux-loong64-musl": "4.63.4", "@rollup/rollup-linux-ppc64-gnu": "4.63.4", "@rollup/rollup-linux-ppc64-musl": "4.63.4", "@rollup/rollup-linux-riscv64-gnu": "4.63.4", "@rollup/rollup-linux-riscv64-musl": "4.63.4", "@rollup/rollup-linux-s390x-gnu": "4.63.4", "@rollup/rollup-linux-x64-gnu": "4.63.4", "@rollup/rollup-linux-x64-musl": "4.63.4", "@rollup/rollup-openbsd-x64": "4.63.4", "@rollup/rollup-openharmony-arm64": "4.63.4", "@rollup/rollup-win32-arm64-msvc": "4.63.4", "@rollup/rollup-win32-ia32-msvc": "4.63.4", "@rollup/rollup-win32-x64-gnu": "4.63.4", "@rollup/rollup-win32-x64-msvc": "4.63.4", "fsevents": "~2.3.2" }, "bin": { "rollup": "dist/bin/rollup" } }, "sha512-4U0liVayNIoLp3GFl1FcI8561WepLnZ1rqfraGh7S9B3Ur5F9S283y8Futii7RUU2C/97tOBmBy7nYvhoiOpbQ=="],

    "sade": ["sade@1.8.1", "", { "dependencies": { "mri": "^1.1.0" } }, "sha512-xal3CZX1Xlo/k4ApwCFrHVACi9fBqJ7V+mwhBsuf/1IOKbBy098Fex+Wa/5QMubw09pSZ/u8EY8PWgevJsXp1A=="],

    "sirv": ["sirv@3.0.2", "", { "dependencies": { "@polka/url": "^1.0.0-next.24", "mrmime": "^2.0.0", "totalist": "^3.0.0" } }, "sha512-2wcC/oGxHis/BoHkkPwldgiPSYcpZK3JU28WoMVv55yHJgcZ8rlXvuG9iZggz+sU1d4bRgIGASwyWqjxu3FM0g=="],

    "source-map-js": ["source-map-js@1.2.1", "", {}, "sha512-UXWMKhLOwVKb728IUtQPXxfYU+usdybtUrK/8uGE8CQMvrhOpwvzDBwj0QhSL7MQc7vIsISBG8VQ8+IDQxpfQA=="],

    "svelte": ["svelte@5.57.1", "", { "dependencies": { "@jridgewell/remapping": "^2.3.5", "@jridgewell/sourcemap-codec": "^1.6.0", "@sveltejs/acorn-typescript": "^1.0.13", "@types/estree": "^1.0.9", "acorn": "^8.18.0", "aria-query": "5.3.1", "axobject-query": "^4.1.0", "clsx": "^2.1.1", "devalue": "^5.9.2", "esm-env": "^1.2.1", "esrap": "^2.3.6", "is-reference": "^3.0.3", "locate-character": "^3.0.0", "magic-string": "^0.30.11", "zimmerframe": "^1.1.2" } }, "sha512-Uqj49lWKB+iSSnneuwiYYJ7MZgkB+eXr0LXBhv4uDuAkXqnWmq65Sxflfvp0Lc6MdKjMUxGaeOKWJqz5SNiVIA=="],

    "svelte-check": ["svelte-check@4.7.6", "", { "dependencies": { "@jridgewell/trace-mapping": "^0.3.25", "@sveltejs/load-config": "^0.2.3", "chokidar": "^4.0.1", "fdir": "^6.2.0", "picocolors": "^1.0.0", "sade": "^1.7.4" }, "peerDependencies": { "svelte": "^4.0.0 || ^5.0.0-next.0", "typescript": "^5.0.0 || ^6.0.0" }, "bin": { "svelte-check": "bin/svelte-check" } }, "sha512-t2scM//ZuVbSY/T2w6FSBw1v9s2NEmh/g+sy1lqtosW5ylBV5AF4wFb1Ts9Kf3MbfPDUDJDZ9L436YT0SPTdvw=="],

    "tinyexec": ["tinyexec@1.3.1", "", {}, "sha512-GCvB3aoys96IuDFBMcTB46JOR6mdMtAToqwiW8JlWhsoh1mhHi/xn9ss/Dg7N555GiJyEt2qzoG/NHCwM6h1EA=="],

    "tinyglobby": ["tinyglobby@0.2.17", "", { "dependencies": { "fdir": "^6.5.0", "picomatch": "^4.0.4" } }, "sha512-wXR/dYpcqKmfWpEdZjiKJOwCNFndD0DMnrW/cYjVGttEkBfVgcLFHoNrlj47mjOVic9yyNu65alsgF4NQyTa2g=="],

    "to-regex-range": ["to-regex-range@5.0.1", "", { "dependencies": { "is-number": "^7.0.0" } }, "sha512-65P7iz6X5yEr1cwcgvQxbbIw7Uk3gOy5dIdtZ4rDveLqhrdJP+Li/Hx6tyK0NEb+2GCyneCMJiGqrADCSNk8sQ=="],

    "totalist": ["totalist@3.0.1", "", {}, "sha512-sf4i37nQ2LBx4m3wB74y+ubopq6W/dIzXg0FDGjsYnZHVa1Da8FH853wlL2gtUhg+xJXjfk3kUZS3BRoQeoQBQ=="],

    "typescript": ["typescript@5.9.3", "", { "bin": { "tsc": "bin/tsc", "tsserver": "bin/tsserver" } }, "sha512-jl1vZzPDinLr9eUt3J/t7V6FgNEw9QjvBPdysz9KfQDD41fQrC2Y4vKQdiaUpFT4bXlb1RHhLpp8wtm6M5TgSw=="],

    "ufo": ["ufo@1.6.4", "", {}, "sha512-JFNbkD1Svwe0KvGi8GOeLcP4kAWQ609twvCdcHxq1oSL8svv39ZuSvajcD8B+5D0eL4+s1Is2D/O6KN3qcTeRA=="],

    "unconfig": ["unconfig@7.0.0", "", { "dependencies": { "@antfu/utils": "^8.1.0", "defu": "^6.1.4", "jiti": "^2.4.2" } }, "sha512-G5CJSoG6ZTxgzCJblEfgpdRK2tos9+UdD2WtecDUVfImzQ0hFjwpH5RVvGMhP4pRpC9ML7NrC4qBsBl0Ttj35A=="],

    "unocss": ["unocss@65.5.0", "", { "dependencies": { "@unocss/astro": "65.5.0", "@unocss/cli": "65.5.0", "@unocss/core": "65.5.0", "@unocss/postcss": "65.5.0", "@unocss/preset-attributify": "65.5.0", "@unocss/preset-icons": "65.5.0", "@unocss/preset-mini": "65.5.0", "@unocss/preset-tagify": "65.5.0", "@unocss/preset-typography": "65.5.0", "@unocss/preset-uno": "65.5.0", "@unocss/preset-web-fonts": "65.5.0", "@unocss/preset-wind": "65.5.0", "@unocss/transformer-attributify-jsx": "65.5.0", "@unocss/transformer-compile-class": "65.5.0", "@unocss/transformer-directives": "65.5.0", "@unocss/transformer-variant-group": "65.5.0", "@unocss/vite": "65.5.0" }, "peerDependencies": { "@unocss/webpack": "65.5.0", "vite": "^2.9.0 || ^3.0.0-0 || ^4.0.0 || ^5.0.0-0 || ^6.0.0-0" }, "optionalPeers": ["@unocss/webpack", "vite"] }, "sha512-dLTW89YK+5KCcB3vG/wxiwdpejkLLmZlK9hjWmP52sdeUFcmywc+/khD2/nid7or8dL3YCv1gwoyvnA7JRCwjA=="],

    "unplugin-utils": ["unplugin-utils@0.2.5", "", { "dependencies": { "pathe": "^2.0.3", "picomatch": "^4.0.3" } }, "sha512-gwXJnPRewT4rT7sBi/IvxKTjsms7jX7QIDLOClApuZwR49SXbrB1z2NLUZ+vDHyqCj/n58OzRRqaW+B8OZi8vg=="],

    "vite": ["vite@6.4.3", "", { "dependencies": { "esbuild": "^0.25.0", "fdir": "^6.4.4", "picomatch": "^4.0.2", "postcss": "^8.5.3", "rollup": "^4.34.9", "tinyglobby": "^0.2.13" }, "optionalDependencies": { "fsevents": "~2.3.3" }, "peerDependencies": { "@types/node": "^18.0.0 || ^20.0.0 || >=22.0.0", "jiti": ">=1.21.0", "less": "*", "lightningcss": "^1.21.0", "sass": "*", "sass-embedded": "*", "stylus": "*", "sugarss": "*", "terser": "^5.16.0", "tsx": "^4.8.1", "yaml": "^2.4.2" }, "optionalPeers": ["@types/node", "jiti", "less", "lightningcss", "sass", "sass-embedded", "stylus", "sugarss", "terser", "tsx", "yaml"], "bin": { "vite": "bin/vite.js" } }, "sha512-NTKlcQjlAK7MlQoyb6LgaqHc8sso/pVyUJYWMws3jg21uTJw/LddqIFPcPqP6PzpgbIcZyKI85sFE4HBrQDA8A=="],

    "vitefu": ["vitefu@1.1.3", "", { "peerDependencies": { "vite": "^3.0.0 || ^4.0.0 || ^5.0.0 || ^6.0.0 || ^7.0.0 || ^8.0.0" }, "optionalPeers": ["vite"] }, "sha512-ub4okH7Z5KLjb6hDyjqrGXqWtWvoYdU3IGm/NorpgHncKoLTCfRIbvlhBm7r0YstIaQRYlp4yEbFqDcKSzXSSg=="],

    "vue": ["vue@3.5.43", "", { "dependencies": { "@vue/compiler-dom": "3.5.43", "@vue/compiler-sfc": "3.5.43", "@vue/runtime-dom": "3.5.43", "@vue/server-renderer": "3.5.43", "@vue/shared": "3.5.43" }, "peerDependencies": { "typescript": "*" }, "optionalPeers": ["typescript"] }, "sha512-o5qZoksdnjIKvW1srZ3ab7pcDNYAerBjRe54D0LBLfRdCYFrSgBHVXokMas35czQc0//lmx4/tuY4ZNQ+Rf2Ng=="],

    "vue-flow-layout": ["vue-flow-layout@0.1.1", "", { "peerDependencies": { "vue": "^3.4.37" } }, "sha512-JdgRRUVrN0Y2GosA0M68DEbKlXMqJ7FQgsK8CjQD2vxvNSqAU6PZEpi4cfcTVtfM2GVOMjHo7GKKLbXxOBqDqA=="],

    "zimmerframe": ["zimmerframe@1.1.5", "", {}, "sha512-msJxIvYDYcoNL+PJsu+7qmpDWsYmAxTY+2TNYXXF0hzBzBk0BMecOqDOG/EckUoKCuKwObfbugIl8QpqHDXeFA=="],

    "@unocss/cli/chokidar": ["chokidar@3.6.0", "", { "dependencies": { "anymatch": "~3.1.2", "braces": "~3.0.2", "glob-parent": "~5.1.2", "is-binary-path": "~2.1.0", "is-glob": "~4.0.1", "normalize-path": "~3.0.0", "readdirp": "~3.6.0" }, "optionalDependencies": { "fsevents": "~2.3.2" } }, "sha512-7VT13fmjotKpGipCW9JEQAusEPE+Ei8nl6/g4FBAmIm0GOOLMua9NDDo/DWp0ZAxCr3cPq5ZpBqmPAQgDda2Pw=="],

    "@unocss/vite/chokidar": ["chokidar@3.6.0", "", { "dependencies": { "anymatch": "~3.1.2", "braces": "~3.0.2", "glob-parent": "~5.1.2", "is-binary-path": "~2.1.0", "is-glob": "~4.0.1", "normalize-path": "~3.0.0", "readdirp": "~3.6.0" }, "optionalDependencies": { "fsevents": "~2.3.2" } }, "sha512-7VT13fmjotKpGipCW9JEQAusEPE+Ei8nl6/g4FBAmIm0GOOLMua9NDDo/DWp0ZAxCr3cPq5ZpBqmPAQgDda2Pw=="],

    "anymatch/picomatch": ["picomatch@2.3.2", "", {}, "sha512-V7+vQEJ06Z+c5tSye8S+nHUfI51xoXIXjHQ99cQtKUkQqqO1kO/KCJUfZXuB47h/YBlDhah2H3hdUGXn8ie0oA=="],

    "mlly/pkg-types": ["pkg-types@1.3.1", "", { "dependencies": { "confbox": "^0.1.8", "mlly": "^1.7.4", "pathe": "^2.0.1" } }, "sha512-/Jm5M4RvtBFVkKWRu2BLUTNP8/M2a+UwuAX+ae4770q1qVGtfjG+WTCupoZixokjmHiry8uI+dlY8KXYV5HVVQ=="],

    "@unocss/cli/chokidar/readdirp": ["readdirp@3.6.0", "", { "dependencies": { "picomatch": "^2.2.1" } }, "sha512-hOS089on8RduqdbhvQ5Z37A0ESjsqz6qnRcffsMU3495FuTdqSm+7bhJ29JvIOsBDEEnan5DPu9t3To9VRlMzA=="],

    "@unocss/vite/chokidar/readdirp": ["readdirp@3.6.0", "", { "dependencies": { "picomatch": "^2.2.1" } }, "sha512-hOS089on8RduqdbhvQ5Z37A0ESjsqz6qnRcffsMU3495FuTdqSm+7bhJ29JvIOsBDEEnan5DPu9t3To9VRlMzA=="],

    "mlly/pkg-types/confbox": ["confbox@0.1.8", "", {}, "sha512-RMtmw0iFkeR4YV+fUOSucriAQNb9g8zFR52MWCtl+cCZOFRNL6zeB395vPzFhEjjn4fMxXudmELnl/KF/WrK6w=="],

    "@unocss/cli/chokidar/readdirp/picomatch": ["picomatch@2.3.2", "", {}, "sha512-V7+vQEJ06Z+c5tSye8S+nHUfI51xoXIXjHQ99cQtKUkQqqO1kO/KCJUfZXuB47h/YBlDhah2H3hdUGXn8ie0oA=="],

    "@unocss/vite/chokidar/readdirp/picomatch": ["picomatch@2.3.2", "", {}, "sha512-V7+vQEJ06Z+c5tSye8S+nHUfI51xoXIXjHQ99cQtKUkQqqO1kO/KCJUfZXuB47h/YBlDhah2H3hdUGXn8ie0oA=="],
  }
}
